
Microsoft Visual Studio Solution File, Format Version 12.00
# Visual Studio Version 16
VisualStudioVersion = 16.0.31105.61
MinimumVisualStudioVersion = 10.0.40219.1
Project("{FAE04EC0-301F-11D3-BF4B-00C04F79EFBC}") = "UdpServerAsync", "UdpServerAsync\UdpServerAsync.csproj", "{28D8A6C3-04E9-4EA3-B090-29C0D17EFEAD}"
EndProject
Global
	GlobalSection(SolutionConfigurationPlatforms) = preSolution
		Debug|Any CPU = Debug|Any CPU
		Release|Any CPU = Release|Any CPU
	EndGlobalSection
	GlobalSection(ProjectConfigurationPlatforms) = postSolution
		{28D8A6C3-04E9-4EA3-B090-29C0D17EFEAD}.Debug|Any CPU.ActiveCfg = Debug|Any CPU
		{28D8A6C3-04E9-4EA3-B090-29C0D17EFEAD}.Debug|Any CPU.Build.0 = Debug|Any CPU
		{28D8A6C3-04E9-4EA3-B090-29C0D17EFEAD}.Release|Any CPU.ActiveCfg = Release|Any CPU
		{28D8A6C3-04E9-4EA3-B090-29C0D17EFEAD}.Release|Any CPU.Build.0 = Release|Any CPU
	EndGlobalSection
	GlobalSection(SolutionProperties) = preSolution
		HideSolutionNode = FALSE
	EndGlobalSection
	GlobalSection(ExtensibilityGlobals) = postSolution
		SolutionGuid = {BB9E1D97-3CBB-48E1-BBCC-A9EC894422FD}
	EndGlobalSection
EndGlobal
